
Microsoft Visual Studio Solution File, Format Version 12.00
# Visual Studio Version 15
VisualStudioVersion = 15.0.28307.1169
MinimumVisualStudioVersion = 10.0.40219.1
Project("{8BC9CEB8-8B4A-11D0-8D11-00A0C91BC942}") = "ThermoGroupSample", "ThermoGroupSample.vcxproj", "{D0EDABEC-D98D-45EF-962A-B987D3634727}"
EndProject
Global
	GlobalSection(SolutionConfigurationPlatforms) = preSolution
		Debug|Win32 = Debug|Win32
		Debug|x64 = Debug|x64
		Release|Win32 = Release|Win32
		Release|x64 = Release|x64
	EndGlobalSection
	GlobalSection(ProjectConfigurationPlatforms) = postSolution
		{D0EDABEC-D98D-45EF-962A-B987D3634727}.Debug|Win32.ActiveCfg = Debug|Win32
		{D0EDABEC-D98D-45EF-962A-B987D3634727}.Debug|Win32.Build.0 = Debug|Win32
		{D0EDABEC-D98D-45EF-962A-B987D3634727}.Debug|x64.ActiveCfg = Debug|x64
		{D0EDABEC-D98D-45EF-962A-B987D3634727}.Debug|x64.Build.0 = Debug|x64
		{D0EDABEC-D98D-45EF-962A-B987D3634727}.Release|Win32.ActiveCfg = Release|Win32
		{D0EDABEC-D98D-45EF-962A-B987D3634727}.Release|Win32.Build.0 = Release|Win32
		{D0EDABEC-D98D-45EF-962A-B987D3634727}.Release|x64.ActiveCfg = Release|x64
		{D0EDABEC-D98D-45EF-962A-B987D3634727}.Release|x64.Build.0 = Release|x64
	EndGlobalSection
	GlobalSection(SolutionProperties) = preSolution
		HideSolutionNode = FALSE
	EndGlobalSection
	GlobalSection(ExtensibilityGlobals) = postSolution
		SolutionGuid = {102DA962-27E6-4892-841E-AB4F7D0E7CE3}
	EndGlobalSection
EndGlobal
